# This file is autogenerated, do not edit; changes may be undone by the next 'dep ensure'.


[[projects]]
  branch = "master"
  name = "github.com/beorn7/perks"
  packages = ["quantile"]
  revision = "4c0e84591b9aa9e6dcfdf3e020114cd81f89d5f9"

[[projects]]
  branch = "master"
  name = "github.com/dgrijalva/jwt-go"
  packages = ["."]
  revision = "6c8dedd55f8a2e41f605de6d5d66e51ed1f299fc"

[[projects]]
  branch = "master"
  name = "github.com/golang/protobuf"
  packages = ["jsonpb","proto","ptypes/struct"]
  revision = "5a0f697c9ed9d68fef0116532c6e05cfeae00e55"

[[projects]]
  branch = "master"
  name = "github.com/labstack/echo"
  packages = [".","middleware"]
  revision = "3359eae3067d1f6dba4785ea0377796405a34429"

[[projects]]
  branch = "master"
  name = "github.com/labstack/gommon"
  packages = ["bytes","color","log","random"]
  revision = "1121fd3e243c202482226a7afe4dcd07ffc4139a"

[[projects]]
  branch = "master"
  name = "github.com/mattn/go-colorable"
  packages = ["."]
  revision = "ded68f7a9561c023e790de24279db7ebf473ea80"

[[projects]]
  branch = "master"
  name = "github.com/mattn/go-isatty"
  packages = ["."]
  revision = "fc9e8d8ef48496124e79ae0df75490096eccf6fe"

[[projects]]
  branch = "master"
  name = "github.com/matttproud/golang_protobuf_extensions"
  packages = ["pbutil"]
  revision = "c12348ce28de40eed0136aa2b644d0ee0650e56c"

[[projects]]
  branch = "master"
  name = "github.com/nats-io/go-nats"
  packages = [".","encoders/builtin","util"]
  revision = "9147cfac69833916f9c73353ba43f939815c330a"

[[projects]]
  branch = "master"
  name = "github.com/nats-io/nuid"
  packages = ["."]
  revision = "3cf34f9fca4e88afa9da8eabd75e3326c9941b44"

[[projects]]
  branch = "master"
  name = "github.com/prometheus/client_golang"
  packages = ["prometheus"]
  revision = "08fd2e12372a66e68e30523c7642e0cbc3e4fbde"

[[projects]]
  branch = "master"
  name = "github.com/prometheus/client_model"
  packages = ["go"]
  revision = "6f3806018612930941127f2a7c6c453ba2c527d2"

[[projects]]
  branch = "master"
  name = "github.com/prometheus/common"
  packages = ["expfmt","internal/bitbucket.org/ww/goautoneg","model"]
  revision = "49fee292b27bfff7f354ee0f64e1bc4850462edf"

[[projects]]
  branch = "master"
  name = "github.com/prometheus/procfs"
  packages = [".","xfs"]
  revision = "a1dba9ce8baed984a2495b658c82687f8157b98f"

[[projects]]
  branch = "master"
  name = "github.com/valyala/bytebufferpool"
  packages = ["."]
  revision = "e746df99fe4a3986f4d4f79e13c1e0117ce9c2f7"

[[projects]]
  branch = "master"
  name = "github.com/valyala/fasttemplate"
  packages = ["."]
  revision = "dcecefd839c4193db0d35b88ec65b4c12d360ab0"

[[projects]]
  branch = "master"
  name = "go.uber.org/atomic"
  packages = ["."]
  revision = "4e336646b2ef9fc6e47be8e21594178f98e5ebcf"

[[projects]]
  branch = "master"
  name = "go.uber.org/zap"
  packages = [".","buffer","internal/bufferpool","internal/color","internal/exit","internal/multierror","zapcore"]
  revision = "1550bc05539134bbf8612a35f34a79ab8bf34ee3"

[[projects]]
  branch = "master"
  name = "golang.org/x/crypto"
  packages = ["acme","acme/autocert"]
  revision = "7e9105388ebff089b3f99f0ef676ea55a6da3a7e"

[[projects]]
  branch = "master"
  name = "golang.org/x/net"
  packages = ["websocket"]
  revision = "513929065c19401a1c7b76ecd942f9f86a0c061b"

[[projects]]
  branch = "master"
  name = "golang.org/x/sys"
  packages = ["unix"]
  revision = "d4feaf1a7e61e1d9e79e6c4e76c6349e9cab0a03"

[solve-meta]
  analyzer-name = "dep"
  analyzer-version = 1
  inputs-digest = "f8d0da9b134f2e1cf5ac0edee558f6f312eee76763707e695805fdffc50c47a3"
  solver-name = "gps-cdcl"
  solver-version = 1
